
Microsoft Visual Studio Solution File, Format Version 12.00
# Visual Studio Version 17
VisualStudioVersion = 17.8.34525.116
MinimumVisualStudioVersion = 10.0.40219.1
Project("{888888A0-9F3D-457C-B088-3A5042F75D52}") = "NNs", "NNs\NNs.pyproj", "{C89FCFF4-76B7-4B03-8048-9343A61BE095}"
EndProject
Global
	GlobalSection(SolutionConfigurationPlatforms) = preSolution
		Debug|Any CPU = Debug|Any CPU
		Release|Any CPU = Release|Any CPU
	EndGlobalSection
	GlobalSection(ProjectConfigurationPlatforms) = postSolution
		{C89FCFF4-76B7-4B03-8048-9343A61BE095}.Debug|Any CPU.ActiveCfg = Debug|Any CPU
		{C89FCFF4-76B7-4B03-8048-9343A61BE095}.Release|Any CPU.ActiveCfg = Release|Any CPU
	EndGlobalSection
	GlobalSection(SolutionProperties) = preSolution
		HideSolutionNode = FALSE
	EndGlobalSection
	GlobalSection(ExtensibilityGlobals) = postSolution
		SolutionGuid = {C8DC97D4-B783-4FD7-A7C0-DDF3D58ACE03}
	EndGlobalSection
EndGlobal
